
Microsoft Visual Studio Solution File, Format Version 12.00
# Visual Studio Version 16
VisualStudioVersion = 16.0.30709.132
MinimumVisualStudioVersion = 10.0.40219.1
Project("{FAE04EC0-301F-11D3-BF4B-00C04F79EFBC}") = "LR2.OOP.The_Final", "LR2.OOP.The_Final.csproj", "{C09C2146-FBE4-42CF-A9CB-D7E31C773EE7}"
EndProject
Project("{FAE04EC0-301F-11D3-BF4B-00C04F79EFBC}") = "LR2Library", "..\LR2Library\LR2Library.csproj", "{FB156B75-60CA-43D9-BE4D-C61D0706D97B}"
EndProject
Global
	GlobalSection(SolutionConfigurationPlatforms) = preSolution
		Debug|Any CPU = Debug|Any CPU
		Release|Any CPU = Release|Any CPU
	EndGlobalSection
	GlobalSection(ProjectConfigurationPlatforms) = postSolution
		{C09C2146-FBE4-42CF-A9CB-D7E31C773EE7}.Debug|Any CPU.ActiveCfg = Debug|Any CPU
		{C09C2146-FBE4-42CF-A9CB-D7E31C773EE7}.Debug|Any CPU.Build.0 = Debug|Any CPU
		{C09C2146-FBE4-42CF-A9CB-D7E31C773EE7}.Release|Any CPU.ActiveCfg = Release|Any CPU
		{C09C2146-FBE4-42CF-A9CB-D7E31C773EE7}.Release|Any CPU.Build.0 = Release|Any CPU
		{FB156B75-60CA-43D9-BE4D-C61D0706D97B}.Debug|Any CPU.ActiveCfg = Debug|Any CPU
		{FB156B75-60CA-43D9-BE4D-C61D0706D97B}.Debug|Any CPU.Build.0 = Debug|Any CPU
		{FB156B75-60CA-43D9-BE4D-C61D0706D97B}.Release|Any CPU.ActiveCfg = Release|Any CPU
		{FB156B75-60CA-43D9-BE4D-C61D0706D97B}.Release|Any CPU.Build.0 = Release|Any CPU
	EndGlobalSection
	GlobalSection(SolutionProperties) = preSolution
		HideSolutionNode = FALSE
	EndGlobalSection
	GlobalSection(ExtensibilityGlobals) = postSolution
		SolutionGuid = {40233F4F-021F-4281-91DA-AE24D601634C}
	EndGlobalSection
EndGlobal
