
Microsoft Visual Studio Solution File, Format Version 12.00
# Visual Studio Version 16
VisualStudioVersion = 16.0.31025.194
MinimumVisualStudioVersion = 10.0.40219.1
Project("{FAE04EC0-301F-11D3-BF4B-00C04F79EFBC}") = "ConsoleApp", "ConsoleApp\ConsoleApp.csproj", "{6E615950-8E98-4B18-96BE-6F13E46CC199}"
EndProject
Project("{FAE04EC0-301F-11D3-BF4B-00C04F79EFBC}") = "LR2Library", "LR2Library\LR2Library.csproj", "{0A6DFF6A-C6E8-4FCB-A678-4611B1D063BE}"
EndProject
Global
	GlobalSection(SolutionConfigurationPlatforms) = preSolution
		Debug|Any CPU = Debug|Any CPU
		Release|Any CPU = Release|Any CPU
	EndGlobalSection
	GlobalSection(ProjectConfigurationPlatforms) = postSolution
		{6E615950-8E98-4B18-96BE-6F13E46CC199}.Debug|Any CPU.ActiveCfg = Debug|Any CPU
		{6E615950-8E98-4B18-96BE-6F13E46CC199}.Debug|Any CPU.Build.0 = Debug|Any CPU
		{6E615950-8E98-4B18-96BE-6F13E46CC199}.Release|Any CPU.ActiveCfg = Release|Any CPU
		{6E615950-8E98-4B18-96BE-6F13E46CC199}.Release|Any CPU.Build.0 = Release|Any CPU
		{0A6DFF6A-C6E8-4FCB-A678-4611B1D063BE}.Debug|Any CPU.ActiveCfg = Debug|Any CPU
		{0A6DFF6A-C6E8-4FCB-A678-4611B1D063BE}.Debug|Any CPU.Build.0 = Debug|Any CPU
		{0A6DFF6A-C6E8-4FCB-A678-4611B1D063BE}.Release|Any CPU.ActiveCfg = Release|Any CPU
		{0A6DFF6A-C6E8-4FCB-A678-4611B1D063BE}.Release|Any CPU.Build.0 = Release|Any CPU
	EndGlobalSection
	GlobalSection(SolutionProperties) = preSolution
		HideSolutionNode = FALSE
	EndGlobalSection
	GlobalSection(ExtensibilityGlobals) = postSolution
		SolutionGuid = {8FEE1A83-2CE8-4AC9-BA63-F51ACF7FC1D1}
	EndGlobalSection
EndGlobal
